# This file is @generated by PDM.
# It is not intended for manual editing.

[[package]]
name = "certifi"
version = "2023.5.7"
requires_python = ">=3.6"
summary = "Python package for providing Mozilla's CA Bundle."

[[package]]
name = "chardet"
version = "3.0.4"
summary = "Universal encoding detector for Python 2 and 3"

[[package]]
name = "contextvars"
version = "2.4"
summary = "PEP 567 Backport"
dependencies = [
    "immutables>=0.9",
]

[[package]]
name = "googletrans"
version = "4.0.0rc1"
requires_python = ">=3.6"
summary = "Free Google Translate API for Python. Translates totally free of charge."
dependencies = [
    "httpx==0.13.3",
]

[[package]]
name = "h11"
version = "0.9.0"
summary = "A pure-Python, bring-your-own-I/O implementation of HTTP/1.1"

[[package]]
name = "h2"
version = "3.2.0"
summary = "HTTP/2 State-Machine based protocol implementation"
dependencies = [
    "hpack<4,>=3.0",
    "hyperframe<6,>=5.2.0",
]

[[package]]
name = "hpack"
version = "3.0.0"
summary = "Pure-Python HPACK header compression"

[[package]]
name = "hstspreload"
version = "2023.1.1"
requires_python = ">=3.6"
summary = "Chromium HSTS Preload list as a Python package"

[[package]]
name = "httpcore"
version = "0.9.1"
requires_python = ">=3.6"
summary = "A minimal low-level HTTP client."
dependencies = [
    "h11<0.10,>=0.8",
    "h2==3.*",
    "sniffio==1.*",
]

[[package]]
name = "httpx"
version = "0.13.3"
requires_python = ">=3.6"
summary = "The next generation HTTP client."
dependencies = [
    "certifi",
    "chardet==3.*",
    "hstspreload",
    "httpcore==0.9.*",
    "idna==2.*",
    "rfc3986<2,>=1.3",
    "sniffio",
]

[[package]]
name = "hyperframe"
version = "5.2.0"
summary = "HTTP/2 framing layer for Python"

[[package]]
name = "idna"
version = "2.10"
requires_python = ">=2.7, !=3.0.*, !=3.1.*, !=3.2.*, !=3.3.*"
summary = "Internationalized Domain Names in Applications (IDNA)"

[[package]]
name = "immutables"
version = "0.19"
requires_python = ">=3.6"
summary = "Immutable Collections"
dependencies = [
    "typing-extensions>=3.7.4.3; python_version < \"3.8\"",
]

[[package]]
name = "rfc3986"
version = "1.5.0"
summary = "Validating URI References per RFC 3986"

[[package]]
name = "sniffio"
version = "1.2.0"
requires_python = ">=3.5"
summary = "Sniff out which async library your code is running under"
dependencies = [
    "contextvars>=2.1; python_version < \"3.7\"",
]

[[package]]
name = "typing-extensions"
version = "4.1.1"
requires_python = ">=3.6"
summary = "Backported and Experimental Type Hints for Python 3.6+"

[metadata]
lock_version = "4.2"
cross_platform = true
groups = ["default"]
content_hash = "sha256:e2b7c3b2cd98c304b29444824b9510f08401128dbf2b09f25acc7d801a42580e"

[metadata.files]
"certifi 2023.5.7" = [
    {url = "https://files.pythonhosted.org/packages/93/71/752f7a4dd4c20d6b12341ed1732368546bc0ca9866139fe812f6009d9ac7/certifi-2023.5.7.tar.gz", hash = "sha256:0f0d56dc5a6ad56fd4ba36484d6cc34451e1c6548c61daad8c320169f91eddc7"},
    {url = "https://files.pythonhosted.org/packages/9d/19/59961b522e6757f0c9097e4493fa906031b95b3ebe9360b2c3083561a6b4/certifi-2023.5.7-py3-none-any.whl", hash = "sha256:c6c2e98f5c7869efca1f8916fed228dd91539f9f1b444c314c06eef02980c716"},
]
"chardet 3.0.4" = [
    {url = "https://files.pythonhosted.org/packages/bc/a9/01ffebfb562e4274b6487b4bb1ddec7ca55ec7510b22e4c51f14098443b8/chardet-3.0.4-py2.py3-none-any.whl", hash = "sha256:fc323ffcaeaed0e0a02bf4d117757b98aed530d9ed4531e3e15460124c106691"},
    {url = "https://files.pythonhosted.org/packages/fc/bb/a5768c230f9ddb03acc9ef3f0d4a3cf93462473795d18e9535498c8f929d/chardet-3.0.4.tar.gz", hash = "sha256:84ab92ed1c4d4f16916e05906b6b75a6c0fb5db821cc65e70cbd64a3e2a5eaae"},
]
"contextvars 2.4" = [
    {url = "https://files.pythonhosted.org/packages/83/96/55b82d9f13763be9d672622e1b8106c85acb83edd7cc2fa5bc67cd9877e9/contextvars-2.4.tar.gz", hash = "sha256:f38c908aaa59c14335eeea12abea5f443646216c4e29380d7bf34d2018e2c39e"},
]
"googletrans 4.0.0rc1" = [
    {url = "https://files.pythonhosted.org/packages/fa/0d/a5fe8fb53dbf401f8a34cef9439c4c5b8f5037e20123b3e731397808d839/googletrans-4.0.0rc1.tar.gz", hash = "sha256:74df47b092e2d566522019d149e3f1d75732570ad76eaf8e14aebeffc126c372"},
]
"h11 0.9.0" = [
    {url = "https://files.pythonhosted.org/packages/34/5a/abaa557d20b210117d8c3e6b0b817ce9b329b2e81f87612e60102a924323/h11-0.9.0.tar.gz", hash = "sha256:33d4bca7be0fa039f4e84d50ab00531047e53d6ee8ffbc83501ea602c169cae1"},
    {url = "https://files.pythonhosted.org/packages/5a/fd/3dad730b0f95e78aeeb742f96fa7bbecbdd56a58e405d3da440d5bfb90c6/h11-0.9.0-py2.py3-none-any.whl", hash = "sha256:4bc6d6a1238b7615b266ada57e0618568066f57dd6fa967d1290ec9309b2f2f1"},
]
"h2 3.2.0" = [
    {url = "https://files.pythonhosted.org/packages/08/0a/033df0fc05fe94f72517ccd393dd9ff99b1773fd198307638e6d3568a518/h2-3.2.0.tar.gz", hash = "sha256:875f41ebd6f2c44781259005b157faed1a5031df3ae5aa7bcb4628a6c0782f14"},
    {url = "https://files.pythonhosted.org/packages/25/de/da019bcc539eeab02f6d45836f23858ac467f584bfec7a526ef200242afe/h2-3.2.0-py2.py3-none-any.whl", hash = "sha256:61e0f6601fa709f35cdb730863b4e5ec7ad449792add80d1410d4174ed139af5"},
]
"hpack 3.0.0" = [
    {url = "https://files.pythonhosted.org/packages/44/f1/b4440e46e265a29c0cb7b09b6daec6edf93c79eae713cfed93fbbf8716c5/hpack-3.0.0.tar.gz", hash = "sha256:8eec9c1f4bfae3408a3f30500261f7e6a65912dc138526ea054f9ad98892e9d2"},
    {url = "https://files.pythonhosted.org/packages/8a/cc/e53517f4a1e13f74776ca93271caef378dadec14d71c61c949d759d3db69/hpack-3.0.0-py2.py3-none-any.whl", hash = "sha256:0edd79eda27a53ba5be2dfabf3b15780928a0dff6eb0c60a3d6767720e970c89"},
]
"hstspreload 2023.1.1" = [
    {url = "https://files.pythonhosted.org/packages/6f/e6/a3862f82232245da7f8cb3362a549c8da6e5bd95e2588493b23c478cac31/hstspreload-2023.1.1-py3-none-any.whl", hash = "sha256:ac8a56dd603b4bf55292fc7a157e0deea18ee5e2e5c114d131da8949cc7a54bb"},
    {url = "https://files.pythonhosted.org/packages/bc/6b/dc96f2d6e9ab7f0ce56e647d24728ee92219803b023705c98748483270b6/hstspreload-2023.1.1.tar.gz", hash = "sha256:b2330a88b3fe3344c9eb431257e1ff3ae06c3bc2ff87ca686a5f253e2881a6c1"},
]
"httpcore 0.9.1" = [
    {url = "https://files.pythonhosted.org/packages/a5/62/fec975b06a6c5fdfcfde8231f3464b9a23dd528cd53b859daf225c6845a6/httpcore-0.9.1.tar.gz", hash = "sha256:ecc5949310d9dae4de64648a4ce529f86df1f232ce23dcfefe737c24d21dfbe9"},
    {url = "https://files.pythonhosted.org/packages/dd/d5/e4ff9318693ac6101a2095e580908b591838c6f33df8d3ee8dd953ba96a8/httpcore-0.9.1-py3-none-any.whl", hash = "sha256:9850fe97a166a794d7e920590d5ec49a05488884c9fc8b5dba8561effab0c2a0"},
]
"httpx 0.13.3" = [
    {url = "https://files.pythonhosted.org/packages/54/b4/698b284c6aed4d7c2b4fe3ba5df1fcf6093612423797e76fbb24890dd22f/httpx-0.13.3-py3-none-any.whl", hash = "sha256:32d930858eab677bc29a742aaa4f096de259f1c78c68a90ad11f5c3c04f08335"},
    {url = "https://files.pythonhosted.org/packages/6b/d8/1f7ccaac5b9b2bd054a531b8f008f658c2a7fc00b19676321735d797d4b7/httpx-0.13.3.tar.gz", hash = "sha256:3642bd13e90b80ba8a243a730275eb10a4c26ec96f5fc16b87e458d4ab21efae"},
]
"hyperframe 5.2.0" = [
    {url = "https://files.pythonhosted.org/packages/19/0c/bf88182bcb5dce3094e2f3e4fe20db28a9928cb7bd5b08024030e4b140db/hyperframe-5.2.0-py2.py3-none-any.whl", hash = "sha256:5187962cb16dcc078f23cb5a4b110098d546c3f41ff2d4038a9896893bbd0b40"},
    {url = "https://files.pythonhosted.org/packages/e6/7f/9a4834af1010dc1d570d5f394dfd9323a7d7ada7d25586bd299fc4cb0356/hyperframe-5.2.0.tar.gz", hash = "sha256:a9f5c17f2cc3c719b917c4f33ed1c61bd1f8dfac4b1bd23b7c80b3400971b41f"},
]
"idna 2.10" = [
    {url = "https://files.pythonhosted.org/packages/a2/38/928ddce2273eaa564f6f50de919327bf3a00f091b5baba8dfa9460f3a8a8/idna-2.10-py2.py3-none-any.whl", hash = "sha256:b97d804b1e9b523befed77c48dacec60e6dcb0b5391d57af6a65a312a90648c0"},
    {url = "https://files.pythonhosted.org/packages/ea/b7/e0e3c1c467636186c39925827be42f16fee389dc404ac29e930e9136be70/idna-2.10.tar.gz", hash = "sha256:b307872f855b18632ce0c21c5e45be78c0ea7ae4c15c828c20788b26921eb3f6"},
]
"immutables 0.19" = [
    {url = "https://files.pythonhosted.org/packages/03/59/3124bd7741388be2d314ba7d51793bbeed00e92c9e624a8642b06b1ddcca/immutables-0.19-cp39-cp39-macosx_10_9_universal2.whl", hash = "sha256:480cc5d62efcac66f9737ae0820acd39d39e516e6fdbcf46cbdc26f11b429fd7"},
    {url = "https://files.pythonhosted.org/packages/0a/60/afe1951d8dd21c7682ab8c9292f87c8b1232bd2a11cc2620c42b0b897bb5/immutables-0.19-cp37-cp37m-manylinux_2_5_x86_64.manylinux1_x86_64.manylinux_2_17_x86_64.manylinux2014_x86_64.whl", hash = "sha256:eed8988dc4ebde8d527dbe4dea68cb9fe6d43bc56df60d6015130dc4abd2ab34"},
    {url = "https://files.pythonhosted.org/packages/14/3f/ae6d020e23a596d25d7c57f34f244c5a1e57fa0df273a87dd20441d2c48d/immutables-0.19-cp38-cp38-win_amd64.whl", hash = "sha256:bbe65c23779e12e0ecc3dec2c709ad22b7cc8b163895327bc173ae06a8b73425"},
    {url = "https://files.pythonhosted.org/packages/16/72/3c22e78cffedc8cfe06c9539ead336882fe9ca91f01ae7bb688b1ca2fdd1/immutables-0.19-cp39-cp39-win_amd64.whl", hash = "sha256:199db9070ffa1a037e6650ddd63159907a210e4998f932bdf50e70615629db0c"},
    {url = "https://files.pythonhosted.org/packages/1a/1f/1ba27437d9708a72199bd877d2e7cb9abd560aee2e4d8960faa52fd72e9b/immutables-0.19-cp36-cp36m-macosx_10_9_x86_64.whl", hash = "sha256:6660e185354a1cb59ecc130f2b85b50d666d4417be668ce6ba83d4be79f55d34"},
    {url = "https://files.pythonhosted.org/packages/1e/9e/becfc7d5444d5e42f83a6da51f9b50a3fba5917a34d87504eb3f5819a032/immutables-0.19-cp38-cp38-macosx_10_9_universal2.whl", hash = "sha256:a208a945ea817b1455b5b0f9c33c097baf6443b50d749a3dc32ff445e41b81d2"},
    {url = "https://files.pythonhosted.org/packages/20/55/5438434191eec4d3037965c60544c079bc61b6f38144b16a1aba9fc16728/immutables-0.19-cp38-cp38-macosx_10_9_x86_64.whl", hash = "sha256:25a6225efb5e96fc95d84b2d280e35d8a82a1ae72a12857177d48cc289ac1e03"},
    {url = "https://files.pythonhosted.org/packages/24/ed/96c68dcba132ad2a57b5d499b5a337395b2c25f09f348ab4135d56b9ecc9/immutables-0.19-cp36-cp36m-win_amd64.whl", hash = "sha256:e95f0826f184920adb3cdf830f409f1c1d4e943e4dc50242538c4df9d51eea72"},
    {url = "https://files.pythonhosted.org/packages/38/e6/9a1f06d1d9936bd784dc2ded8f13e27ef21474b8679b79be0a1906fa49b5/immutables-0.19-cp36-cp36m-manylinux_2_17_aarch64.manylinux2014_aarch64.whl", hash = "sha256:37de95c1d79707d95f50d0ab79e067bee52381afc967ff031ac4c822c14f43a8"},
    {url = "https://files.pythonhosted.org/packages/39/07/622f5c7ca80a6658d9590e1b9fdb9f6d7957eef9d3542099cc7501473fc8/immutables-0.19-cp39-cp39-manylinux_2_17_aarch64.manylinux2014_aarch64.whl", hash = "sha256:7fa3148393101b0c4571da523929ae90a5b4bfc933c270a11b802a34a921c608"},
    {url = "https://files.pythonhosted.org/packages/39/df/435025bc02d58f33f84cbf598361c5fba0d48c7d4e5600c9e896eebab036/immutables-0.19-cp39-cp39-musllinux_1_1_aarch64.whl", hash = "sha256:3754b26ef18b5d1009ffdeafc17fbd877a79f0a126e1423069bd8ef51c54302d"},
    {url = "https://files.pythonhosted.org/packages/3b/4f/6e8489f1a43c80477475e8b95340ec27c7ada630137d2c9ede8458b0e032/immutables-0.19-cp39-cp39-macosx_10_9_x86_64.whl", hash = "sha256:2d88ff44e131508def4740964076c3da273baeeb406c1fe139f18373ea4196dd"},
    {url = "https://files.pythonhosted.org/packages/45/19/4356a2caeb3c5b64668cdc8ac1eb3117fb3aaf54c361b31591d2cfb932e1/immutables-0.19-cp311-cp311-macosx_10_9_x86_64.whl", hash = "sha256:24dbdc28779a2b75e06224609f4fc850ba61b7e1b74e32ec808c6430a535be2d"},
    {url = "https://files.pythonhosted.org/packages/48/07/bc38756afab1c920809c25dc280f4feae7878e1034ba874983d14f60f3e8/immutables-0.19-cp37-cp37m-musllinux_1_1_aarch64.whl", hash = "sha256:c830c9afc6fcb4a7d6d74230d6290987e664418026a15488ad00d8a3dc5ec743"},
    {url = "https://files.pythonhosted.org/packages/55/d2/ab10b55237e9750269502faa5ca2bd9c3c697289c0e0ded56c7cc263dfdb/immutables-0.19-cp37-cp37m-win_amd64.whl", hash = "sha256:10774f73af07b1648fa02f45f6ff88b3391feda65d4f640159e6eeec10540ece"},
    {url = "https://files.pythonhosted.org/packages/64/7d/753a80984f8e2ee63d82c439739ffb83a387ab7857a71b02d5b1600abc5f/immutables-0.19-cp310-cp310-musllinux_1_1_x86_64.whl", hash = "sha256:85bcb5a7c33100c1b2eeb8c71e5f80acab4c9dde074b2c2ca8e3dfb6830ce813"},
    {url = "https://files.pythonhosted.org/packages/6b/d3/5305f82ae8d1655e7a5601fce246398332c1550ffed162782846e4430a8f/immutables-0.19-cp311-cp311-musllinux_1_1_aarch64.whl", hash = "sha256:6f857aec0e0455986fd1f41234c867c3daf5a89ff7f54d493d4eb3c233d36d3c"},
    {url = "https://files.pythonhosted.org/packages/8d/03/b95cbaaa7fbb42bc31026e83ddd674a7daf4004d1faa3428bb75575f7a32/immutables-0.19-cp36-cp36m-musllinux_1_1_aarch64.whl", hash = "sha256:7da9356a163993e01785a211b47c6a0038b48d1235b68479a0053c2c4c3cf666"},
    {url = "https://files.pythonhosted.org/packages/8d/1a/b509dba90da0d7c842cfd72f1eceb6ffd60b71894cfcdab601a3c4fe208f/immutables-0.19-cp310-cp310-manylinux_2_5_x86_64.manylinux1_x86_64.manylinux_2_17_x86_64.manylinux2014_x86_64.whl", hash = "sha256:40f1c3ab3ae690a55a2f61039705a110f0e23717d6d8a62a84600fc7cf5934dc"},
    {url = "https://files.pythonhosted.org/packages/93/0b/60ef6f9cca8a4da21667c70c9b1261bccaf0a9b981e937d18767151e99e4/immutables-0.19-cp36-cp36m-musllinux_1_1_x86_64.whl", hash = "sha256:41d8cae52ea527f9c6dccdf1e1553106c482496acc140523034f91877ccbc103"},
    {url = "https://files.pythonhosted.org/packages/9b/dc/d50e8f86a84a5a3dbda05e7108d9d7d2d32b92305ea0e8d9257b3fefcc7d/immutables-0.19-cp310-cp310-win_amd64.whl", hash = "sha256:620c166e76030ca4772ea64e5190f8347a730a0af85b743820d351f211004397"},
    {url = "https://files.pythonhosted.org/packages/9c/ac/fe16dabaa1b3e8e8c51cd452d9a2444dc942462ed67427a57f298834eee0/immutables-0.19-cp311-cp311-macosx_10_9_universal2.whl", hash = "sha256:c1774f298db9d460e50c40dfc9cfe7dd8a0de22c22f1de9a1f9a468daa1201dc"},
    {url = "https://files.pythonhosted.org/packages/a9/67/1205510e89139f784efc72f3c1b4368b90e30d434461eb947cfd7cd91c92/immutables-0.19-cp39-cp39-manylinux_2_5_x86_64.manylinux1_x86_64.manylinux_2_17_x86_64.manylinux2014_x86_64.whl", hash = "sha256:0575190a90c3fce6862ccdb09be3344741ff97a96e559893541886d372139f1c"},
    {url = "https://files.pythonhosted.org/packages/ab/2b/637bdff7e2fab322cd97b03af01c7a3370c52bf1e39956c0cf7012b96d3b/immutables-0.19-cp37-cp37m-manylinux_2_17_aarch64.manylinux2014_aarch64.whl", hash = "sha256:1cbd4d9dc531ee24b2387141a5968e923bb6174d13695e730cde0887aadda557"},
    {url = "https://files.pythonhosted.org/packages/ad/80/56651023cb47e7108c5c1e39020f936163ca40965812a69d484adaff3e83/immutables-0.19-cp310-cp310-macosx_10_9_universal2.whl", hash = "sha256:fef6743f8c3098ae46d9a2a3606b04a91c62e216487d91e90ce5c7419da3f803"},
    {url = "https://files.pythonhosted.org/packages/ae/d2/71b2134396257aa5c17fd622582e365ee81cae9a6a57164a06037e9cc57f/immutables-0.19-cp310-cp310-manylinux_2_17_aarch64.manylinux2014_aarch64.whl", hash = "sha256:1d55b886e92ef5abfc4b066f404d956ca5789a2f8f738d448300fba40930a631"},
    {url = "https://files.pythonhosted.org/packages/b7/e7/6309ac964d2fbbfedec2ffd4d65e234ba6b8c9283c0919e11946f0679295/immutables-0.19-cp311-cp311-manylinux_2_17_aarch64.manylinux2014_aarch64.whl", hash = "sha256:9b8c0a4264e3ba2f025f4517ce67f0d0869106a625dbda08758cbf4dd6b6dd1f"},
    {url = "https://files.pythonhosted.org/packages/bd/dc/a8f53aba8c49fdfac55802c4fb4d7dc5b3fa0445b01a97ad7636098af212/immutables-0.19-cp310-cp310-musllinux_1_1_aarch64.whl", hash = "sha256:f3096afb376b9b3651a3b92affd1896b4dcefde209f412572f7e3924f6749a49"},
    {url = "https://files.pythonhosted.org/packages/bf/d7/06e096166a707d278f07b7b98c10c0275d20910ab6244d45ce1f2fd60f29/immutables-0.19-cp38-cp38-manylinux_2_5_x86_64.manylinux1_x86_64.manylinux_2_17_x86_64.manylinux2014_x86_64.whl", hash = "sha256:64c74c5171f3a97b178b880746743a07b08e7d7f6055370bf04a94d50aea0643"},
    {url = "https://files.pythonhosted.org/packages/c2/b7/306752c1dcbd62b28d3a312b1055d777323aa11687255413f6bebd47a353/immutables-0.19-cp38-cp38-manylinux_2_17_aarch64.manylinux2014_aarch64.whl", hash = "sha256:5c0cf0d94b08e58896acf250cbc4682499c8a256fc6d0ee5c63d76a759a6a228"},
    {url = "https://files.pythonhosted.org/packages/c3/bf/113933c9d098c58cee52c68a205cd449bcc331c32156267d337125780bf6/immutables-0.19.tar.gz", hash = "sha256:df17942d60e8080835fcc5245aa6928ef4c1ed567570ec019185798195048dcf"},
    {url = "https://files.pythonhosted.org/packages/c6/c8/385c7267af27bafed49c283da0ff674e23e53389eca69fe9ce2b01597309/immutables-0.19-cp39-cp39-musllinux_1_1_x86_64.whl", hash = "sha256:648142e16d49f5207ae52ee1b28dfa148206471967b9c9eaa5a9592fd32d5cef"},
    {url = "https://files.pythonhosted.org/packages/ce/b6/3e0be90b335e9d469cf48f3749fe43fcdbedeea5c24337497f8c02c6d646/immutables-0.19-cp311-cp311-musllinux_1_1_x86_64.whl", hash = "sha256:119c60a05cb35add45c1e592e23a5cbb9db03161bb89d1596b920d9341173982"},
    {url = "https://files.pythonhosted.org/packages/d0/31/8c772d0d28818d7ad45a36e8a6dd5e6d1b1215690431548b5f2ac9f26fc0/immutables-0.19-cp38-cp38-musllinux_1_1_x86_64.whl", hash = "sha256:52a91917c65e6b9cfef7a2d2c3b0e00432a153aa8650785b7ee0897d80226278"},
    {url = "https://files.pythonhosted.org/packages/d0/6c/8a661a22f1483bcdf86a7c1a2d2b054b312cfb3b2726f69750b8b1b323dd/immutables-0.19-cp37-cp37m-macosx_10_9_x86_64.whl", hash = "sha256:50608784e33c88da8c0e06e75f6725865cf2e345c8f3eeb83cb85111f737e986"},
    {url = "https://files.pythonhosted.org/packages/d5/03/07e19933bf55f475fad836889ca46231113f39b32b987414e5084988cffa/immutables-0.19-cp311-cp311-manylinux_2_5_x86_64.manylinux1_x86_64.manylinux_2_17_x86_64.manylinux2014_x86_64.whl", hash = "sha256:28d1ee66424c2db998d27ebe0a331c7e09627e54a402848b2897cb6ef4dc4d7e"},
    {url = "https://files.pythonhosted.org/packages/d7/01/779f8d211bcaa6950a4f8db5ed2676ab2d581c87a83787bcc63acf5df6d9/immutables-0.19-cp310-cp310-macosx_10_9_x86_64.whl", hash = "sha256:cfb62119b7302a37cb4a1db44234dab9acda60ba93e3c28489969722e85237b7"},
    {url = "https://files.pythonhosted.org/packages/dc/f9/5bcd6e376d728d1f9208d6d48e12822c6312dc39ddcdc42a98a623ba0d1a/immutables-0.19-cp311-cp311-win_amd64.whl", hash = "sha256:3fbad255e404b4cbcf3477b384a1e400bd8f28cbbfc2df8d3885abe3bfc7b909"},
    {url = "https://files.pythonhosted.org/packages/e5/48/47b73c75f11c2a383d54afa042a32ae7d91b8a717d25a1aa2a3cf72e06f1/immutables-0.19-cp38-cp38-musllinux_1_1_aarch64.whl", hash = "sha256:8ababf72ed2a956b28f151d605a7bb1d4e1c59113f53bf2be4a586da3977b319"},
    {url = "https://files.pythonhosted.org/packages/f6/11/5bdacfc5959a2fe1cdef4c649019587082f0588db3d425abe9a9bc943418/immutables-0.19-cp37-cp37m-musllinux_1_1_x86_64.whl", hash = "sha256:7c6cce2e87cd5369234b199037631cfed08e43813a1fdd750807d14404de195b"},
    {url = "https://files.pythonhosted.org/packages/fb/ad/154c84dcb517f534c74accd5811d00d41af112ccfe505b7013f32efebb9e/immutables-0.19-cp36-cp36m-manylinux_2_5_x86_64.manylinux1_x86_64.manylinux_2_17_x86_64.manylinux2014_x86_64.whl", hash = "sha256:ed61dbc963251bec7281cdb0c148176bbd70519d21fd05bce4c484632cdc3b2c"},
]
"rfc3986 1.5.0" = [
    {url = "https://files.pythonhosted.org/packages/79/30/5b1b6c28c105629cc12b33bdcbb0b11b5bb1880c6cfbd955f9e792921aa8/rfc3986-1.5.0.tar.gz", hash = "sha256:270aaf10d87d0d4e095063c65bf3ddbc6ee3d0b226328ce21e036f946e421835"},
    {url = "https://files.pythonhosted.org/packages/c4/e5/63ca2c4edf4e00657584608bee1001302bbf8c5f569340b78304f2f446cb/rfc3986-1.5.0-py2.py3-none-any.whl", hash = "sha256:a86d6e1f5b1dc238b218b012df0aa79409667bb209e58da56d0b94704e712a97"},
]
"sniffio 1.2.0" = [
    {url = "https://files.pythonhosted.org/packages/52/b0/7b2e028b63d092804b6794595871f936aafa5e9322dcaaad50ebf67445b3/sniffio-1.2.0-py3-none-any.whl", hash = "sha256:471b71698eac1c2112a40ce2752bb2f4a4814c22a54a3eed3676bc0f5ca9f663"},
    {url = "https://files.pythonhosted.org/packages/a6/ae/44ed7978bcb1f6337a3e2bef19c941de750d73243fc9389140d62853b686/sniffio-1.2.0.tar.gz", hash = "sha256:c4666eecec1d3f50960c6bdf61ab7bc350648da6c126e3cf6898d8cd4ddcd3de"},
]
"typing-extensions 4.1.1" = [
    {url = "https://files.pythonhosted.org/packages/45/6b/44f7f8f1e110027cf88956b59f2fad776cca7e1704396d043f89effd3a0e/typing_extensions-4.1.1-py3-none-any.whl", hash = "sha256:21c85e0fe4b9a155d0799430b0ad741cdce7e359660ccbd8b530613e8df88ce2"},
    {url = "https://files.pythonhosted.org/packages/b1/5a/8b5fbb891ef3f81fc923bf3cb4a578c0abf9471eb50ce0f51c74212182ab/typing_extensions-4.1.1.tar.gz", hash = "sha256:1a9462dcc3347a79b1f1c0271fbe79e844580bb598bafa1ed208b94da3cdcd42"},
]
